
Microsoft Visual Studio Solution File, Format Version 12.00
# Visual Studio Version 17
VisualStudioVersion = 17.9.34701.34
MinimumVisualStudioVersion = 10.0.40219.1
Project("{FAE04EC0-301F-11D3-BF4B-00C04F79EFBC}") = "Bloggie.Web", "Bloggie.Web\Bloggie.Web.csproj", "{689F367C-7664-4135-9505-8E2C8BAB2A7F}"
EndProject
Global
	GlobalSection(SolutionConfigurationPlatforms) = preSolution
		Debug|Any CPU = Debug|Any CPU
		Release|Any CPU = Release|Any CPU
	EndGlobalSection
	GlobalSection(ProjectConfigurationPlatforms) = postSolution
		{689F367C-7664-4135-9505-8E2C8BAB2A7F}.Debug|Any CPU.ActiveCfg = Debug|Any CPU
		{689F367C-7664-4135-9505-8E2C8BAB2A7F}.Debug|Any CPU.Build.0 = Debug|Any CPU
		{689F367C-7664-4135-9505-8E2C8BAB2A7F}.Release|Any CPU.ActiveCfg = Release|Any CPU
		{689F367C-7664-4135-9505-8E2C8BAB2A7F}.Release|Any CPU.Build.0 = Release|Any CPU
	EndGlobalSection
	GlobalSection(SolutionProperties) = preSolution
		HideSolutionNode = FALSE
	EndGlobalSection
	GlobalSection(ExtensibilityGlobals) = postSolution
		SolutionGuid = {98A5D78B-CD5D-4B22-BA86-701AFEEEE74D}
	EndGlobalSection
EndGlobal
